github.com/go-srvc/srvc v1.7.0 h1:I4uh04epATgKTpPpe1mT4o8iuk+fPCSsLHmuiMo44Pw=
github.com/go-srvc/srvc v1.7.0/go.mod h1:+3LHhLTb2BEz32BTgS0YgNUbk3nK9tQ9CI3Ypb7iqvA=
github.com/heppu/errgroup v1.0.0 h1:Th073WwEpGARMkxWQnybOfcMuvozkBr7Kqvn2tmx7iU=
github.com/heppu/errgroup v1.0.0/go.mod h1:eiBTIbuHZPfUsa978/V4HmR1p1oSqtNTpc8XiqetgIg=
github.com/stretchr/testify v1.12.1 h1:EuwCh5fleGS7H32xRwO3wRGT7DxrDhLAT6FF8MpWDWE=
github.com/stretchr/testify v1.12.1/go.mod h1:MDEgiDPPsNp5cuIrHPPCyornHKgEVbtFUmoNlxoYthg=
go.yaml.in/yaml/v3 v3.0.5 h1:N6y/pJk8buWs9NY5ERU2HSMfm+IuD/OtfdAnq6kESPw=
go.yaml.in/yaml/v3 v3.0.5/go.mod h1:HVTZu1O7/Vkt2N+BFy8Zza+lnLsABggaTM2ZpNIGuKg=
